
Microsoft Visual Studio Solution File, Format Version 12.00
# Visual Studio Version 17
VisualStudioVersion = 17.5.33627.172
MinimumVisualStudioVersion = 10.0.40219.1
Project("{FAE04EC0-301F-11D3-BF4B-00C04F79EFBC}") = "Atividade 9.", "..\Atividade 9\Atividade 9\Atividade 9..csproj", "{0D3FAD92-E8C1-4C07-A55F-909F07D9FBB9}"
EndProject
Global
	GlobalSection(SolutionConfigurationPlatforms) = preSolution
		Debug|Any CPU = Debug|Any CPU
		Release|Any CPU = Release|Any CPU
	EndGlobalSection
	GlobalSection(ProjectConfigurationPlatforms) = postSolution
		{0D3FAD92-E8C1-4C07-A55F-909F07D9FBB9}.Debug|Any CPU.ActiveCfg = Debug|Any CPU
		{0D3FAD92-E8C1-4C07-A55F-909F07D9FBB9}.Debug|Any CPU.Build.0 = Debug|Any CPU
		{0D3FAD92-E8C1-4C07-A55F-909F07D9FBB9}.Release|Any CPU.ActiveCfg = Release|Any CPU
		{0D3FAD92-E8C1-4C07-A55F-909F07D9FBB9}.Release|Any CPU.Build.0 = Release|Any CPU
	EndGlobalSection
	GlobalSection(SolutionProperties) = preSolution
		HideSolutionNode = FALSE
	EndGlobalSection
	GlobalSection(ExtensibilityGlobals) = postSolution
		SolutionGuid = {A9942751-9BAC-4057-A126-13557A6A994D}
	EndGlobalSection
EndGlobal
