
Microsoft Visual Studio Solution File, Format Version 12.00
# Visual Studio Version 17
VisualStudioVersion = 17.5.33627.172
MinimumVisualStudioVersion = 10.0.40219.1
Project("{FAE04EC0-301F-11D3-BF4B-00C04F79EFBC}") = "Top Lanches", "Top Lanches\Top Lanches.csproj", "{C2B86B9F-E66C-4175-8E1C-A92CA78520A8}"
EndProject
Global
	GlobalSection(SolutionConfigurationPlatforms) = preSolution
		Debug|Any CPU = Debug|Any CPU
		Release|Any CPU = Release|Any CPU
	EndGlobalSection
	GlobalSection(ProjectConfigurationPlatforms) = postSolution
		{C2B86B9F-E66C-4175-8E1C-A92CA78520A8}.Debug|Any CPU.ActiveCfg = Debug|Any CPU
		{C2B86B9F-E66C-4175-8E1C-A92CA78520A8}.Debug|Any CPU.Build.0 = Debug|Any CPU
		{C2B86B9F-E66C-4175-8E1C-A92CA78520A8}.Release|Any CPU.ActiveCfg = Release|Any CPU
		{C2B86B9F-E66C-4175-8E1C-A92CA78520A8}.Release|Any CPU.Build.0 = Release|Any CPU
	EndGlobalSection
	GlobalSection(SolutionProperties) = preSolution
		HideSolutionNode = FALSE
	EndGlobalSection
	GlobalSection(ExtensibilityGlobals) = postSolution
		SolutionGuid = {D037F979-5CB1-474A-A4AD-B5B240FE114C}
	EndGlobalSection
EndGlobal
