
Microsoft Visual Studio Solution File, Format Version 12.00
# Visual Studio Version 17
VisualStudioVersion = 17.5.33627.172
MinimumVisualStudioVersion = 10.0.40219.1
Project("{FAE04EC0-301F-11D3-BF4B-00C04F79EFBC}") = "Calculadora_IMC", "Calculadora_IMC\Calculadora_IMC.csproj", "{4C821CA0-4F36-4731-B29B-51ACFC1FC6D4}"
EndProject
Global
	GlobalSection(SolutionConfigurationPlatforms) = preSolution
		Debug|Any CPU = Debug|Any CPU
		Release|Any CPU = Release|Any CPU
	EndGlobalSection
	GlobalSection(ProjectConfigurationPlatforms) = postSolution
		{4C821CA0-4F36-4731-B29B-51ACFC1FC6D4}.Debug|Any CPU.ActiveCfg = Debug|Any CPU
		{4C821CA0-4F36-4731-B29B-51ACFC1FC6D4}.Debug|Any CPU.Build.0 = Debug|Any CPU
		{4C821CA0-4F36-4731-B29B-51ACFC1FC6D4}.Release|Any CPU.ActiveCfg = Release|Any CPU
		{4C821CA0-4F36-4731-B29B-51ACFC1FC6D4}.Release|Any CPU.Build.0 = Release|Any CPU
	EndGlobalSection
	GlobalSection(SolutionProperties) = preSolution
		HideSolutionNode = FALSE
	EndGlobalSection
	GlobalSection(ExtensibilityGlobals) = postSolution
		SolutionGuid = {A82670E0-B79B-4F7A-91CF-F985C32C2B2E}
	EndGlobalSection
EndGlobal
