
Microsoft Visual Studio Solution File, Format Version 12.00
# Visual Studio Version 17
VisualStudioVersion = 17.6.33829.357
MinimumVisualStudioVersion = 10.0.40219.1
Project("{FAE04EC0-301F-11D3-BF4B-00C04F79EFBC}") = "Calculadora3.0Perímetros", "Calculadora3.0Perímetros\Calculadora3.0Perímetros.csproj", "{A134968D-6CB4-4C94-864E-B92251DBB4A4}"
EndProject
Global
	GlobalSection(SolutionConfigurationPlatforms) = preSolution
		Debug|Any CPU = Debug|Any CPU
		Release|Any CPU = Release|Any CPU
	EndGlobalSection
	GlobalSection(ProjectConfigurationPlatforms) = postSolution
		{A134968D-6CB4-4C94-864E-B92251DBB4A4}.Debug|Any CPU.ActiveCfg = Debug|Any CPU
		{A134968D-6CB4-4C94-864E-B92251DBB4A4}.Debug|Any CPU.Build.0 = Debug|Any CPU
		{A134968D-6CB4-4C94-864E-B92251DBB4A4}.Release|Any CPU.ActiveCfg = Release|Any CPU
		{A134968D-6CB4-4C94-864E-B92251DBB4A4}.Release|Any CPU.Build.0 = Release|Any CPU
	EndGlobalSection
	GlobalSection(SolutionProperties) = preSolution
		HideSolutionNode = FALSE
	EndGlobalSection
	GlobalSection(ExtensibilityGlobals) = postSolution
		SolutionGuid = {5930585C-A68A-4B58-9AC7-F4A6F55421C5}
	EndGlobalSection
EndGlobal
