
Microsoft Visual Studio Solution File, Format Version 12.00
# Visual Studio Version 17
VisualStudioVersion = 17.5.33627.172
MinimumVisualStudioVersion = 10.0.40219.1
Project("{FAE04EC0-301F-11D3-BF4B-00C04F79EFBC}") = "Atividade 3.", "..\Atividade 3\Atividade 3\Atividade 3..csproj", "{D67F1C16-6110-413F-B64E-3A00CB9F3792}"
EndProject
Global
	GlobalSection(SolutionConfigurationPlatforms) = preSolution
		Debug|Any CPU = Debug|Any CPU
		Release|Any CPU = Release|Any CPU
	EndGlobalSection
	GlobalSection(ProjectConfigurationPlatforms) = postSolution
		{D67F1C16-6110-413F-B64E-3A00CB9F3792}.Debug|Any CPU.ActiveCfg = Debug|Any CPU
		{D67F1C16-6110-413F-B64E-3A00CB9F3792}.Debug|Any CPU.Build.0 = Debug|Any CPU
		{D67F1C16-6110-413F-B64E-3A00CB9F3792}.Release|Any CPU.ActiveCfg = Release|Any CPU
		{D67F1C16-6110-413F-B64E-3A00CB9F3792}.Release|Any CPU.Build.0 = Release|Any CPU
	EndGlobalSection
	GlobalSection(SolutionProperties) = preSolution
		HideSolutionNode = FALSE
	EndGlobalSection
	GlobalSection(ExtensibilityGlobals) = postSolution
		SolutionGuid = {68D08361-8CD5-41A3-8392-DC83F07312C9}
	EndGlobalSection
EndGlobal
